version = 1
revision = 2
requires-python = "==3.12.*"

[[package]]
name = "future"
version = "1.0.0"
source = { registry = "https://pypi.org/simple" }
sdist = { url = "https://files.pythonhosted.org/packages/a7/b2/4140c69c6a66432916b26158687e821ba631a4c9273c474343badf84d3ba/future-1.0.0.tar.gz", hash = "sha256:bd2968309307861edae1458a4f8a4f3598c03be43b97521076aebf5d94c07b05", size = 1228490, upload-time = "2024-02-21T11:52:38.461Z" }
wheels = [
    { url = "https://files.pythonhosted.org/packages/da/71/ae30dadffc90b9006d77af76b393cb9dfbfc9629f339fc1574a1c52e6806/future-1.0.0-py3-none-any.whl", hash = "sha256:929292d34f5872e70396626ef385ec22355a1fae8ad29e1a734c3e43f9fbc216", size = 491326, upload-time = "2024-02-21T11:52:35.956Z" },
]

[[package]]
name = "llvmlite"
version = "0.45.1"
source = { registry = "https://pypi.org/simple" }
sdist = { url = "https://files.pythonhosted.org/packages/99/8d/5baf1cef7f9c084fb35a8afbde88074f0d6a727bc63ef764fe0e7543ba40/llvmlite-0.45.1.tar.gz", hash = "sha256:09430bb9d0bb58fc45a45a57c7eae912850bedc095cd0810a57de109c69e1c32", size = 185600, upload-time = "2025-10-01T17:59:52.046Z" }
wheels = [
    { url = "https://files.pythonhosted.org/packages/e2/7c/82cbd5c656e8991bcc110c69d05913be2229302a92acb96109e166ae31fb/llvmlite-0.45.1-cp312-cp312-macosx_10_15_x86_64.whl", hash = "sha256:28e763aba92fe9c72296911e040231d486447c01d4f90027c8e893d89d49b20e", size = 43043524, upload-time = "2025-10-01T18:03:30.666Z" },
    { url = "https://files.pythonhosted.org/packages/9d/bc/5314005bb2c7ee9f33102c6456c18cc81745d7055155d1218f1624463774/llvmlite-0.45.1-cp312-cp312-macosx_11_0_arm64.whl", hash = "sha256:1a53f4b74ee9fd30cb3d27d904dadece67a7575198bd80e687ee76474620735f", size = 37253123, upload-time = "2025-10-01T18:04:18.177Z" },
    { url = "https://files.pythonhosted.org/packages/96/76/0f7154952f037cb320b83e1c952ec4a19d5d689cf7d27cb8a26887d7bbc1/llvmlite-0.45.1-cp312-cp312-manylinux2014_x86_64.manylinux_2_17_x86_64.whl", hash = "sha256:5b3796b1b1e1c14dcae34285d2f4ea488402fbd2c400ccf7137603ca3800864f", size = 56288211, upload-time = "2025-10-01T18:01:24.079Z" },
    { url = "https://files.pythonhosted.org/packages/00/b1/0b581942be2683ceb6862d558979e87387e14ad65a1e4db0e7dd671fa315/llvmlite-0.45.1-cp312-cp312-manylinux_2_27_aarch64.manylinux_2_28_aarch64.whl", hash = "sha256:779e2f2ceefef0f4368548685f0b4adde34e5f4b457e90391f570a10b348d433", size = 55140958, upload-time = "2025-10-01T18:02:30.482Z" },
    { url = "https://files.pythonhosted.org/packages/33/94/9ba4ebcf4d541a325fd8098ddc073b663af75cc8b065b6059848f7d4dce7/llvmlite-0.45.1-cp312-cp312-win_amd64.whl", hash = "sha256:9e6c9949baf25d9aa9cd7cf0f6d011b9ca660dd17f5ba2b23bdbdb77cc86b116", size = 38132231, upload-time = "2025-10-01T18:05:03.664Z" },
]

[[package]]
name = "miasm"
version = "0.1.5"
source = { editable = "." }
dependencies = [
    { name = "future" },
    { name = "pyparsing" },
]

[package.optional-dependencies]
dev = [
    { name = "llvmlite" },
    { name = "parameterized" },
    { name = "pycparser" },
    { name = "z3-solver" },
]

[package.metadata]
requires-dist = [
    { name = "future" },
    { name = "llvmlite", marker = "extra == 'dev'" },
    { name = "parameterized", marker = "extra == 'dev'" },
    { name = "pycparser", marker = "extra == 'dev'" },
    { name = "pyparsing", specifier = ">=2.4.1" },
    { name = "z3-solver", marker = "extra == 'dev'" },
]
provides-extras = ["dev"]

[[package]]
name = "parameterized"
version = "0.9.0"
source = { registry = "https://pypi.org/simple" }
sdist = { url = "https://files.pythonhosted.org/packages/ea/49/00c0c0cc24ff4266025a53e41336b79adaa5a4ebfad214f433d623f9865e/parameterized-0.9.0.tar.gz", hash = "sha256:7fc905272cefa4f364c1a3429cbbe9c0f98b793988efb5bf90aac80f08db09b1", size = 24351, upload-time = "2023-03-27T02:01:11.592Z" }
wheels = [
    { url = "https://files.pythonhosted.org/packages/00/2f/804f58f0b856ab3bf21617cccf5b39206e6c4c94c2cd227bde125ea6105f/parameterized-0.9.0-py2.py3-none-any.whl", hash = "sha256:4e0758e3d41bea3bbd05ec14fc2c24736723f243b28d702081aef438c9372b1b", size = 20475, upload-time = "2023-03-27T02:01:09.31Z" },
]

[[package]]
name = "pycparser"
version = "2.23"
source = { registry = "https://pypi.org/simple" }
sdist = { url = "https://files.pythonhosted.org/packages/fe/cf/d2d3b9f5699fb1e4615c8e32ff220203e43b248e1dfcc6736ad9057731ca/pycparser-2.23.tar.gz", hash = "sha256:78816d4f24add8f10a06d6f05b4d424ad9e96cfebf68a4ddc99c65c0720d00c2", size = 173734, upload-time = "2025-09-09T13:23:47.91Z" }
wheels = [
    { url = "https://files.pythonhosted.org/packages/a0/e3/59cd50310fc9b59512193629e1984c1f95e5c8ae6e5d8c69532ccc65a7fe/pycparser-2.23-py3-none-any.whl", hash = "sha256:e5c6e8d3fbad53479cab09ac03729e0a9faf2bee3db8208a550daf5af81a5934", size = 118140, upload-time = "2025-09-09T13:23:46.651Z" },
]

[[package]]
name = "pyparsing"
version = "3.2.5"
source = { registry = "https://pypi.org/simple" }
sdist = { url = "https://files.pythonhosted.org/packages/f2/a5/181488fc2b9d093e3972d2a472855aae8a03f000592dbfce716a512b3359/pyparsing-3.2.5.tar.gz", hash = "sha256:2df8d5b7b2802ef88e8d016a2eb9c7aeaa923529cd251ed0fe4608275d4105b6", size = 1099274, upload-time = "2025-09-21T04:11:06.277Z" }
wheels = [
    { url = "https://files.pythonhosted.org/packages/10/5e/1aa9a93198c6b64513c9d7752de7422c06402de6600a8767da1524f9570b/pyparsing-3.2.5-py3-none-any.whl", hash = "sha256:e38a4f02064cf41fe6593d328d0512495ad1f3d8a91c4f73fc401b3079a59a5e", size = 113890, upload-time = "2025-09-21T04:11:04.117Z" },
]

[[package]]
name = "z3-solver"
version = "4.15.3.0"
source = { registry = "https://pypi.org/simple" }
sdist = { url = "https://files.pythonhosted.org/packages/a3/60/9a924ee28cd1d12f2482834581d9024bf05110aa1098c056e847f05f7f76/z3_solver-4.15.3.0.tar.gz", hash = "sha256:78f69aebda5519bfd8af146a129f36cf4721a3c2667e80d9fe35cc9bb4d214a6", size = 4985945, upload-time = "2025-08-16T02:27:37.706Z" }
wheels = [
    { url = "https://files.pythonhosted.org/packages/63/45/dd8e9d7500faa05eafa589cc8f0f0b982ce575d51b455d62dab8e19dd571/z3_solver-4.15.3.0-py3-none-macosx_13_0_arm64.whl", hash = "sha256:65335aab295ded7c0ce27c85556067087a87052389ff160777d1a1d48ef0d74f", size = 36882388, upload-time = "2025-08-16T02:27:18.721Z" },
    { url = "https://files.pythonhosted.org/packages/54/9e/a11186061d9fead8be43bad7c75055585694124b2ccdd896ef249fe5824f/z3_solver-4.15.3.0-py3-none-macosx_13_0_x86_64.whl", hash = "sha256:3e62e93adff2def3537ff1ca67c3d58a6ca6d1944e0b5e774f88627b199d50e7", size = 39637842, upload-time = "2025-08-16T02:27:22.177Z" },
    { url = "https://files.pythonhosted.org/packages/b9/0b/f15168475e5493ea44fa3c5e642903f05d2b870db71ad05662ed87a06976/z3_solver-4.15.3.0-py3-none-manylinux_2_17_x86_64.manylinux2014_x86_64.whl", hash = "sha256:a9afd9ceb290482097474d43f08415bcc1874f433189d1449f6c1508e9c68384", size = 29056003, upload-time = "2025-08-16T02:27:27.951Z" },
    { url = "https://files.pythonhosted.org/packages/a7/04/32a97b1f04175ec56213168ee3659709e876e3feacacb891ed3c26c1a82c/z3_solver-4.15.3.0-py3-none-manylinux_2_34_aarch64.whl", hash = "sha256:f61ef44552489077eedd7e6d9bed52ef1875decf86d66027742099a2703b1c77", size = 27074143, upload-time = "2025-08-16T02:27:30.755Z" },
    { url = "https://files.pythonhosted.org/packages/75/77/da54076a584557ea34f20800c68f725fe61f1dd987493fcb410b4a26f99f/z3_solver-4.15.3.0-py3-none-win32.whl", hash = "sha256:0c603f6bad7423d6411adda6af55030b725e3d30f54ea91b714abcedd73b848a", size = 13123666, upload-time = "2025-08-16T02:27:33.309Z" },
    { url = "https://files.pythonhosted.org/packages/c1/59/abc1bad8b25e9c576484ba65ca5ed225c8ed24d601ec242712f1c370b693/z3_solver-4.15.3.0-py3-none-win_amd64.whl", hash = "sha256:06abdf6c36f97c463aea827533504fd59476d015a65cf170a88bd6a53ba13ab5", size = 16203065, upload-time = "2025-08-16T02:27:35.763Z" },
]
